
Microsoft Visual Studio Solution File, Format Version 12.00
# Visual Studio Version 17
VisualStudioVersion = 17.8.34309.116
MinimumVisualStudioVersion = 10.0.40219.1
Project("{FAE04EC0-301F-11D3-BF4B-00C04F79EFBC}") = "CRUDjpmaEF", "CRUDjpmaEF\CRUDjpmaEF.csproj", "{2A4FC753-9073-4FCB-96F9-10EFF19BEFD5}"
EndProject
Global
	GlobalSection(SolutionConfigurationPlatforms) = preSolution
		Debug|Any CPU = Debug|Any CPU
		Release|Any CPU = Release|Any CPU
	EndGlobalSection
	GlobalSection(ProjectConfigurationPlatforms) = postSolution
		{2A4FC753-9073-4FCB-96F9-10EFF19BEFD5}.Debug|Any CPU.ActiveCfg = Debug|Any CPU
		{2A4FC753-9073-4FCB-96F9-10EFF19BEFD5}.Debug|Any CPU.Build.0 = Debug|Any CPU
		{2A4FC753-9073-4FCB-96F9-10EFF19BEFD5}.Release|Any CPU.ActiveCfg = Release|Any CPU
		{2A4FC753-9073-4FCB-96F9-10EFF19BEFD5}.Release|Any CPU.Build.0 = Release|Any CPU
	EndGlobalSection
	GlobalSection(SolutionProperties) = preSolution
		HideSolutionNode = FALSE
	EndGlobalSection
	GlobalSection(ExtensibilityGlobals) = postSolution
		SolutionGuid = {2214CBD5-9709-4824-8C15-0D946A009B1A}
	EndGlobalSection
EndGlobal
